
Microsoft Visual Studio Solution File, Format Version 12.00
# Visual Studio 15
VisualStudioVersion = 15.0.27703.2000
MinimumVisualStudioVersion = 10.0.40219.1
Project("{9A19103F-16F7-4668-BE54-9A1E7A4F7556}") = "netCoreWorkshop", "netCoreWorkshop.csproj", "{A2ED2FE4-3D3A-4A48-9696-6E826901272B}"
EndProject
Global
	GlobalSection(SolutionConfigurationPlatforms) = preSolution
		Debug|Any CPU = Debug|Any CPU
		Release|Any CPU = Release|Any CPU
	EndGlobalSection
	GlobalSection(ProjectConfigurationPlatforms) = postSolution
		{A2ED2FE4-3D3A-4A48-9696-6E826901272B}.Debug|Any CPU.ActiveCfg = Debug|Any CPU
		{A2ED2FE4-3D3A-4A48-9696-6E826901272B}.Debug|Any CPU.Build.0 = Debug|Any CPU
		{A2ED2FE4-3D3A-4A48-9696-6E826901272B}.Release|Any CPU.ActiveCfg = Release|Any CPU
		{A2ED2FE4-3D3A-4A48-9696-6E826901272B}.Release|Any CPU.Build.0 = Release|Any CPU
	EndGlobalSection
	GlobalSection(SolutionProperties) = preSolution
		HideSolutionNode = FALSE
	EndGlobalSection
	GlobalSection(ExtensibilityGlobals) = postSolution
		SolutionGuid = {8F4FED17-0A25-494C-BAD2-21C6124D306D}
	EndGlobalSection
EndGlobal
