
Microsoft Visual Studio Solution File, Format Version 12.00
# Visual Studio 15
VisualStudioVersion = 15.0.26621.2
MinimumVisualStudioVersion = 10.0.40219.1
Project("{FAE04EC0-301F-11D3-BF4B-00C04F79EFBC}") = "BooksDemo", "BooksDemo\BooksDemo.csproj", "{AD2F5921-39F1-4116-8D0C-49ABC0FC545B}"
EndProject
Global
	GlobalSection(SolutionConfigurationPlatforms) = preSolution
		Debug|Any CPU = Debug|Any CPU
		Release|Any CPU = Release|Any CPU
	EndGlobalSection
	GlobalSection(ProjectConfigurationPlatforms) = postSolution
		{AD2F5921-39F1-4116-8D0C-49ABC0FC545B}.Debug|Any CPU.ActiveCfg = Debug|Any CPU
		{AD2F5921-39F1-4116-8D0C-49ABC0FC545B}.Debug|Any CPU.Build.0 = Debug|Any CPU
		{AD2F5921-39F1-4116-8D0C-49ABC0FC545B}.Release|Any CPU.ActiveCfg = Release|Any CPU
		{AD2F5921-39F1-4116-8D0C-49ABC0FC545B}.Release|Any CPU.Build.0 = Release|Any CPU
	EndGlobalSection
	GlobalSection(SolutionProperties) = preSolution
		HideSolutionNode = FALSE
	EndGlobalSection
	GlobalSection(ExtensibilityGlobals) = postSolution
		SolutionGuid = {19838834-7DEE-46EB-938B-F530E5B907D6}
	EndGlobalSection
EndGlobal
