
Microsoft Visual Studio Solution File, Format Version 12.00
# Visual Studio 15
VisualStudioVersion = 15.0.27703.2026
MinimumVisualStudioVersion = 10.0.40219.1
Project("{9A19103F-16F7-4668-BE54-9A1E7A4F7556}") = "MyWebAppDeploy", "MyWebAppDeploy\MyWebAppDeploy.csproj", "{F09BCF21-6099-4B09-9551-B9616D9BC834}"
EndProject
Project("{E53339B2-1760-4266-BCC7-CA923CBCF16C}") = "docker-compose", "docker-compose.dcproj", "{FC4CCD77-0EA4-42F6-A7FC-A52072F68345}"
EndProject
Global
	GlobalSection(SolutionConfigurationPlatforms) = preSolution
		Debug|Any CPU = Debug|Any CPU
		Release|Any CPU = Release|Any CPU
	EndGlobalSection
	GlobalSection(ProjectConfigurationPlatforms) = postSolution
		{F09BCF21-6099-4B09-9551-B9616D9BC834}.Debug|Any CPU.ActiveCfg = Debug|Any CPU
		{F09BCF21-6099-4B09-9551-B9616D9BC834}.Debug|Any CPU.Build.0 = Debug|Any CPU
		{F09BCF21-6099-4B09-9551-B9616D9BC834}.Release|Any CPU.ActiveCfg = Release|Any CPU
		{F09BCF21-6099-4B09-9551-B9616D9BC834}.Release|Any CPU.Build.0 = Release|Any CPU
		{FC4CCD77-0EA4-42F6-A7FC-A52072F68345}.Debug|Any CPU.ActiveCfg = Debug|Any CPU
		{FC4CCD77-0EA4-42F6-A7FC-A52072F68345}.Debug|Any CPU.Build.0 = Debug|Any CPU
		{FC4CCD77-0EA4-42F6-A7FC-A52072F68345}.Release|Any CPU.ActiveCfg = Release|Any CPU
		{FC4CCD77-0EA4-42F6-A7FC-A52072F68345}.Release|Any CPU.Build.0 = Release|Any CPU
	EndGlobalSection
	GlobalSection(SolutionProperties) = preSolution
		HideSolutionNode = FALSE
	EndGlobalSection
	GlobalSection(ExtensibilityGlobals) = postSolution
		SolutionGuid = {DC0FF301-D45A-4436-A5DD-6E882C194E1C}
	EndGlobalSection
EndGlobal
