
Microsoft Visual Studio Solution File, Format Version 12.00
# Visual Studio 15
VisualStudioVersion = 15.0.26621.2
MinimumVisualStudioVersion = 10.0.40219.1
Project("{FAE04EC0-301F-11D3-BF4B-00C04F79EFBC}") = "BooksDemo", "BooksDemo\BooksDemo.csproj", "{AD2F5921-39F1-4116-8D0C-49ABC0FC545B}"
EndProject
Project("{FAE04EC0-301F-11D3-BF4B-00C04F79EFBC}") = "BooksDataSource", "BooksDataSource\BooksDataSource.csproj", "{496A8FF0-E198-42E9-A36F-961B122116BD}"
EndProject
Project("{FAE04EC0-301F-11D3-BF4B-00C04F79EFBC}") = "BooksWebAPI", "BooksWebAPI\BooksWebAPI.csproj", "{F9937714-86D1-4690-84EF-DAADA7678520}"
EndProject
Global
	GlobalSection(SolutionConfigurationPlatforms) = preSolution
		Debug|Any CPU = Debug|Any CPU
		Release|Any CPU = Release|Any CPU
	EndGlobalSection
	GlobalSection(ProjectConfigurationPlatforms) = postSolution
		{AD2F5921-39F1-4116-8D0C-49ABC0FC545B}.Debug|Any CPU.ActiveCfg = Debug|Any CPU
		{AD2F5921-39F1-4116-8D0C-49ABC0FC545B}.Debug|Any CPU.Build.0 = Debug|Any CPU
		{AD2F5921-39F1-4116-8D0C-49ABC0FC545B}.Release|Any CPU.ActiveCfg = Release|Any CPU
		{AD2F5921-39F1-4116-8D0C-49ABC0FC545B}.Release|Any CPU.Build.0 = Release|Any CPU
		{496A8FF0-E198-42E9-A36F-961B122116BD}.Debug|Any CPU.ActiveCfg = Debug|Any CPU
		{496A8FF0-E198-42E9-A36F-961B122116BD}.Debug|Any CPU.Build.0 = Debug|Any CPU
		{496A8FF0-E198-42E9-A36F-961B122116BD}.Release|Any CPU.ActiveCfg = Release|Any CPU
		{496A8FF0-E198-42E9-A36F-961B122116BD}.Release|Any CPU.Build.0 = Release|Any CPU
		{F9937714-86D1-4690-84EF-DAADA7678520}.Debug|Any CPU.ActiveCfg = Debug|Any CPU
		{F9937714-86D1-4690-84EF-DAADA7678520}.Debug|Any CPU.Build.0 = Debug|Any CPU
		{F9937714-86D1-4690-84EF-DAADA7678520}.Release|Any CPU.ActiveCfg = Release|Any CPU
		{F9937714-86D1-4690-84EF-DAADA7678520}.Release|Any CPU.Build.0 = Release|Any CPU
	EndGlobalSection
	GlobalSection(SolutionProperties) = preSolution
		HideSolutionNode = FALSE
	EndGlobalSection
	GlobalSection(ExtensibilityGlobals) = postSolution
		SolutionGuid = {19838834-7DEE-46EB-938B-F530E5B907D6}
	EndGlobalSection
EndGlobal
