
Microsoft Visual Studio Solution File, Format Version 12.00
# Visual Studio 15
VisualStudioVersion = 15.0.27703.2000
MinimumVisualStudioVersion = 10.0.40219.1
Project("{9A19103F-16F7-4668-BE54-9A1E7A4F7556}") = "ConsoleApplication", "ConsoleApplication.csproj", "{4D484E73-3E21-4254-984A-497935F005D0}"
EndProject
Global
	GlobalSection(SolutionConfigurationPlatforms) = preSolution
		Debug|Any CPU = Debug|Any CPU
		Release|Any CPU = Release|Any CPU
	EndGlobalSection
	GlobalSection(ProjectConfigurationPlatforms) = postSolution
		{4D484E73-3E21-4254-984A-497935F005D0}.Debug|Any CPU.ActiveCfg = Debug|Any CPU
		{4D484E73-3E21-4254-984A-497935F005D0}.Debug|Any CPU.Build.0 = Debug|Any CPU
		{4D484E73-3E21-4254-984A-497935F005D0}.Release|Any CPU.ActiveCfg = Release|Any CPU
		{4D484E73-3E21-4254-984A-497935F005D0}.Release|Any CPU.Build.0 = Release|Any CPU
	EndGlobalSection
	GlobalSection(SolutionProperties) = preSolution
		HideSolutionNode = FALSE
	EndGlobalSection
	GlobalSection(ExtensibilityGlobals) = postSolution
		SolutionGuid = {82D13C30-EDED-421C-9DFD-2977B3C59663}
	EndGlobalSection
EndGlobal
