
Microsoft Visual Studio Solution File, Format Version 12.00
# Visual Studio 15
VisualStudioVersion = 15.0.27703.2000
MinimumVisualStudioVersion = 10.0.40219.1
Project("{9A19103F-16F7-4668-BE54-9A1E7A4F7556}") = "netCoreWorkshop", "netCoreWorkshop.csproj", "{808A5D81-BA0D-4335-842E-2EC88DD127D7}"
EndProject
Global
	GlobalSection(SolutionConfigurationPlatforms) = preSolution
		Debug|Any CPU = Debug|Any CPU
		Release|Any CPU = Release|Any CPU
	EndGlobalSection
	GlobalSection(ProjectConfigurationPlatforms) = postSolution
		{808A5D81-BA0D-4335-842E-2EC88DD127D7}.Debug|Any CPU.ActiveCfg = Debug|Any CPU
		{808A5D81-BA0D-4335-842E-2EC88DD127D7}.Debug|Any CPU.Build.0 = Debug|Any CPU
		{808A5D81-BA0D-4335-842E-2EC88DD127D7}.Release|Any CPU.ActiveCfg = Release|Any CPU
		{808A5D81-BA0D-4335-842E-2EC88DD127D7}.Release|Any CPU.Build.0 = Release|Any CPU
	EndGlobalSection
	GlobalSection(SolutionProperties) = preSolution
		HideSolutionNode = FALSE
	EndGlobalSection
	GlobalSection(ExtensibilityGlobals) = postSolution
		SolutionGuid = {56DF60F3-3EF4-428B-8E5E-904B4F43B506}
	EndGlobalSection
EndGlobal
